
Microsoft Visual Studio Solution File, Format Version 12.00
# Visual Studio Version 16
VisualStudioVersion = 16.0.29613.14
MinimumVisualStudioVersion = 10.0.40219.1
Project("{2150E333-8FDC-42A3-9474-1A3956D46DE8}") = "Solution Items", "Solution Items", "{30F23A9E-6B2B-4169-870C-BB7BCAE0039C}"
	ProjectSection(SolutionItems) = preProject
		README.md = README.md
	EndProjectSection
EndProject
Project("{2150E333-8FDC-42A3-9474-1A3956D46DE8}") = "Docs", "Docs", "{A6D1E330-6544-4055-9EA9-9C705A0AAE94}"
	ProjectSection(SolutionItems) = preProject
		docs\App.md = docs\App.md
		docs\UI.Layout.png = docs\UI.Layout.png
	EndProjectSection
EndProject
Project("{FAE04EC0-301F-11D3-BF4B-00C04F79EFBC}") = "ToDoApp.Wpf", "src\ToDoApp.Wpf\ToDoApp.Wpf.csproj", "{7D2BB2CF-384E-446F-B052-B0DFE6AA8714}"
EndProject
Global
	GlobalSection(SolutionConfigurationPlatforms) = preSolution
		Debug|Any CPU = Debug|Any CPU
		Release|Any CPU = Release|Any CPU
	EndGlobalSection
	GlobalSection(ProjectConfigurationPlatforms) = postSolution
		{7D2BB2CF-384E-446F-B052-B0DFE6AA8714}.Debug|Any CPU.ActiveCfg = Debug|Any CPU
		{7D2BB2CF-384E-446F-B052-B0DFE6AA8714}.Debug|Any CPU.Build.0 = Debug|Any CPU
		{7D2BB2CF-384E-446F-B052-B0DFE6AA8714}.Release|Any CPU.ActiveCfg = Release|Any CPU
		{7D2BB2CF-384E-446F-B052-B0DFE6AA8714}.Release|Any CPU.Build.0 = Release|Any CPU
	EndGlobalSection
	GlobalSection(SolutionProperties) = preSolution
		HideSolutionNode = FALSE
	EndGlobalSection
	GlobalSection(NestedProjects) = preSolution
		{A6D1E330-6544-4055-9EA9-9C705A0AAE94} = {30F23A9E-6B2B-4169-870C-BB7BCAE0039C}
	EndGlobalSection
	GlobalSection(ExtensibilityGlobals) = postSolution
		SolutionGuid = {A35EDB88-AE7F-40E0-B26C-06173B1A9E92}
	EndGlobalSection
EndGlobal
